# THIS IS AN AUTOGENERATED FILE. DO NOT EDIT THIS FILE DIRECTLY.
# yarn lockfile v1


bootstrap-material-design@4.1.1:
  version "4.1.1"
  resolved "https://registry.yarnpkg.com/bootstrap-material-design/-/bootstrap-material-design-4.1.1.tgz#87433db0bf64d6a0afb0f5faaa8606134c9d26d2"
  integrity sha1-h0M9sL9k1qCvsPX6qoYGE0ydJtI=

dom7@^2.1.5:
  version "2.1.5"
  resolved "https://registry.yarnpkg.com/dom7/-/dom7-2.1.5.tgz#a79411017800b31d8400070cdaebbfc92c1f6377"
  integrity sha512-xnhwVgyOh3eD++/XGtH+5qBwYTgCm0aW91GFgPJ3XG+jlsRLyJivnbP0QmUBFhI+Oaz9FV0s7cxgXHezwOEBYA==
  dependencies:
    ssr-window "^2.0.0"

ssr-window@^2.0.0:
  version "2.0.0"
  resolved "https://registry.yarnpkg.com/ssr-window/-/ssr-window-2.0.0.tgz#98c301aef99523317f8d69618f0010791096efc4"
  integrity sha512-NXzN+/HPObKAx191H3zKlYomE5WrVIkoCB5IaSdvKokxTpjBdWfr0RaP+1Z5KOfDT0ZVz+2tdtiBkhsEQ9p+0A==

swiper@^5.0.3:
  version "5.4.5"
  resolved "https://registry.yarnpkg.com/swiper/-/swiper-5.4.5.tgz#a350f654bf68426dbb651793824925512d223c0f"
  integrity sha512-7QjA0XpdOmiMoClfaZ2lYN6ICHcMm72LXiY+NF4fQLFidigameaofvpjEEiTQuw3xm5eksG5hzkaRsjQX57vtA==
  dependencies:
    dom7 "^2.1.5"
    ssr-window "^2.0.0"
